
Microsoft Visual Studio Solution File, Format Version 12.00
# Visual Studio Version 16
VisualStudioVersion = 16.0.32428.217
MinimumVisualStudioVersion = 10.0.40219.1
Project("{FAE04EC0-301F-11D3-BF4B-00C04F79EFBC}") = "Gravity", "Gravity\Gravity.csproj", "{AC9DDDD5-1626-493A-A920-7793E448A5C3}"
EndProject
Global
	GlobalSection(SolutionConfigurationPlatforms) = preSolution
		Debug|Any CPU = Debug|Any CPU
		Release|Any CPU = Release|Any CPU
	EndGlobalSection
	GlobalSection(ProjectConfigurationPlatforms) = postSolution
		{AC9DDDD5-1626-493A-A920-7793E448A5C3}.Debug|Any CPU.ActiveCfg = Debug|Any CPU
		{AC9DDDD5-1626-493A-A920-7793E448A5C3}.Debug|Any CPU.Build.0 = Debug|Any CPU
		{AC9DDDD5-1626-493A-A920-7793E448A5C3}.Release|Any CPU.ActiveCfg = Release|Any CPU
		{AC9DDDD5-1626-493A-A920-7793E448A5C3}.Release|Any CPU.Build.0 = Release|Any CPU
	EndGlobalSection
	GlobalSection(SolutionProperties) = preSolution
		HideSolutionNode = FALSE
	EndGlobalSection
	GlobalSection(ExtensibilityGlobals) = postSolution
		SolutionGuid = {A1774C89-6A33-4285-B611-EE11A2BB6DD7}
	EndGlobalSection
EndGlobal
